// !$*UTF8*$!
{
	archiveVersion = 1;
	classes = {
	};
	objectVersion = 50;
	objects = {

/* Begin PBXBuildFile section */
		EE96EC6C243C6163006F6389 /* AppDelegate.swift in Sources */ = {isa = PBXBuildFile; fileRef = EE96EC6B243C6163006F6389 /* AppDelegate.swift */; };
		EE96EC6E243C6163006F6389 /* SceneDelegate.swift in Sources */ = {isa = PBXBuildFile; fileRef = EE96EC6D243C6163006F6389 /* SceneDelegate.swift */; };
		EE96EC70243C6163006F6389 /* LoginViewController.swift in Sources */ = {isa = PBXBuildFile; fileRef = EE96EC6F243C6163006F6389 /* LoginViewController.swift */; };
		EE96EC73243C6163006F6389 /* Main.storyboard in Resources */ = {isa = PBXBuildFile; fileRef = EE96EC71243C6163006F6389 /* Main.storyboard */; };
		EE96EC75243C6163006F6389 /* Assets.xcassets in Resources */ = {isa = PBXBuildFile; fileRef = EE96EC74243C6163006F6389 /* Assets.xcassets */; };
		EE96EC78243C6163006F6389 /* LaunchScreen.storyboard in Resources */ = {isa = PBXBuildFile; fileRef = EE96EC76243C6163006F6389 /* LaunchScreen.storyboard */; };
		EE96EC83243C64D4006F6389 /* LocationTableViewController.swift in Sources */ = {isa = PBXBuildFile; fileRef = EE96EC82243C64D4006F6389 /* LocationTableViewController.swift */; };
		EE96EC86243C652A006F6389 /* StudentLocation.swift in Sources */ = {isa = PBXBuildFile; fileRef = EE96EC85243C652A006F6389 /* StudentLocation.swift */; };
		EE96EC88243C68E1006F6389 /* MapViewController.swift in Sources */ = {isa = PBXBuildFile; fileRef = EE96EC87243C68E1006F6389 /* MapViewController.swift */; };
		EE96EC8A243C7BA1006F6389 /* Api.swift in Sources */ = {isa = PBXBuildFile; fileRef = EE96EC89243C7BA1006F6389 /* Api.swift */; };
		EE96EC8C243C811D006F6389 /* LocationsResult.swift in Sources */ = {isa = PBXBuildFile; fileRef = EE96EC8B243C811D006F6389 /* LocationsResult.swift */; };
		EE96EC8E243C9453006F6389 /* AddLocationViewController.swift in Sources */ = {isa = PBXBuildFile; fileRef = EE96EC8D243C9453006F6389 /* AddLocationViewController.swift */; };
		EE96EC90243C946C006F6389 /* GeoCodingResultViewController.swift in Sources */ = {isa = PBXBuildFile; fileRef = EE96EC8F243C946C006F6389 /* GeoCodingResultViewController.swift */; };
		EE96EC92243CA807006F6389 /* Student.swift in Sources */ = {isa = PBXBuildFile; fileRef = EE96EC91243CA807006F6389 /* Student.swift */; };
		EE96EC94243CACE3006F6389 /* AuthRequest.swift in Sources */ = {isa = PBXBuildFile; fileRef = EE96EC93243CACE3006F6389 /* AuthRequest.swift */; };
		EE96EC96243CAFCA006F6389 /* AuthResponse.swift in Sources */ = {isa = PBXBuildFile; fileRef = EE96EC95243CAFCA006F6389 /* AuthResponse.swift */; };
		EE96EC99243CE483006F6389 /* ApiClient.swift in Sources */ = {isa = PBXBuildFile; fileRef = EE96EC98243CE483006F6389 /* ApiClient.swift */; };
		EE96EC9B243D05AC006F6389 /* Utils.swift in Sources */ = {isa = PBXBuildFile; fileRef = EE96EC9A243D05AC006F6389 /* Utils.swift */; };
		EEDD293A243DB72E00631EE1 /* StudentLocationResponse.swift in Sources */ = {isa = PBXBuildFile; fileRef = EEDD2939243DB72E00631EE1 /* StudentLocationResponse.swift */; };
/* End PBXBuildFile section */

/* Begin PBXFileReference section */
		EE96EC68243C6163006F6389 /* OnTheMap.app */ = {isa = PBXFileReference; explicitFileType = wrapper.application; includeInIndex = 0; path = OnTheMap.app; sourceTree = BUILT_PRODUCTS_DIR; };
		EE96EC6B243C6163006F6389 /* AppDelegate.swift */ = {isa = PBXFileReference; lastKnownFileType = sourcecode.swift; path = AppDelegate.swift; sourceTree = "<group>"; };
		EE96EC6D243C6163006F6389 /* SceneDelegate.swift */ = {isa = PBXFileReference; lastKnownFileType = sourcecode.swift; path = SceneDelegate.swift; sourceTree = "<group>"; };
		EE96EC6F243C6163006F6389 /* LoginViewController.swift */ = {isa = PBXFileReference; lastKnownFileType = sourcecode.swift; path = LoginViewController.swift; sourceTree = "<group>"; };
		EE96EC72243C6163006F6389 /* Base */ = {isa = PBXFileReference; lastKnownFileType = file.storyboard; name = Base; path = Base.lproj/Main.storyboard; sourceTree = "<group>"; };
		EE96EC74243C6163006F6389 /* Assets.xcassets */ = {isa = PBXFileReference; lastKnownFileType = folder.assetcatalog; path = Assets.xcassets; sourceTree = "<group>"; };
		EE96EC77243C6163006F6389 /* Base */ = {isa = PBXFileReference; lastKnownFileType = file.storyboard; name = Base; path = Base.lproj/LaunchScreen.storyboard; sourceTree = "<group>"; };
		EE96EC79243C6163006F6389 /* Info.plist */ = {isa = PBXFileReference; lastKnownFileType = text.plist.xml; path = Info.plist; sourceTree = "<group>"; };
		EE96EC82243C64D4006F6389 /* LocationTableViewController.swift */ = {isa = PBXFileReference; lastKnownFileType = sourcecode.swift; path = LocationTableViewController.swift; sourceTree = "<group>"; };
		EE96EC85243C652A006F6389 /* StudentLocation.swift */ = {isa = PBXFileReference; lastKnownFileType = sourcecode.swift; path = StudentLocation.swift; sourceTree = "<group>"; };
		EE96EC87243C68E1006F6389 /* MapViewController.swift */ = {isa = PBXFileReference; lastKnownFileType = sourcecode.swift; path = MapViewController.swift; sourceTree = "<group>"; };
		EE96EC89243C7BA1006F6389 /* Api.swift */ = {isa = PBXFileReference; lastKnownFileType = sourcecode.swift; path = Api.swift; sourceTree = "<group>"; };
		EE96EC8B243C811D006F6389 /* LocationsResult.swift */ = {isa = PBXFileReference; lastKnownFileType = sourcecode.swift; path = LocationsResult.swift; sourceTree = "<group>"; };
		EE96EC8D243C9453006F6389 /* AddLocationViewController.swift */ = {isa = PBXFileReference; lastKnownFileType = sourcecode.swift; path = AddLocationViewController.swift; sourceTree = "<group>"; };
		EE96EC8F243C946C006F6389 /* GeoCodingResultViewController.swift */ = {isa = PBXFileReference; lastKnownFileType = sourcecode.swift; path = GeoCodingResultViewController.swift; sourceTree = "<group>"; };
		EE96EC91243CA807006F6389 /* Student.swift */ = {isa = PBXFileReference; lastKnownFileType = sourcecode.swift; path = Student.swift; sourceTree = "<group>"; };
		EE96EC93243CACE3006F6389 /* AuthRequest.swift */ = {isa = PBXFileReference; lastKnownFileType = sourcecode.swift; path = AuthRequest.swift; sourceTree = "<group>"; };
		EE96EC95243CAFCA006F6389 /* AuthResponse.swift */ = {isa = PBXFileReference; lastKnownFileType = sourcecode.swift; path = AuthResponse.swift; sourceTree = "<group>"; };
		EE96EC98243CE483006F6389 /* ApiClient.swift */ = {isa = PBXFileReference; lastKnownFileType = sourcecode.swift; path = ApiClient.swift; sourceTree = "<group>"; };
		EE96EC9A243D05AC006F6389 /* Utils.swift */ = {isa = PBXFileReference; lastKnownFileType = sourcecode.swift; path = Utils.swift; sourceTree = "<group>"; };
		EEDD2939243DB72E00631EE1 /* StudentLocationResponse.swift */ = {isa = PBXFileReference; lastKnownFileType = sourcecode.swift; path = StudentLocationResponse.swift; sourceTree = "<group>"; };
/* End PBXFileReference section */

/* Begin PBXFrameworksBuildPhase section */
		EE96EC65243C6162006F6389 /* Frameworks */ = {
			isa = PBXFrameworksBuildPhase;
			buildActionMask = 2147483647;
			files = (
			);
			runOnlyForDeploymentPostprocessing = 0;
		};
/* End PBXFrameworksBuildPhase section */

/* Begin PBXGroup section */
		EE96EC5F243C6162006F6389 = {
			isa = PBXGroup;
			children = (
				EE96EC6A243C6163006F6389 /* OnTheMap */,
				EE96EC69243C6163006F6389 /* Products */,
			);
			sourceTree = "<group>";
		};
		EE96EC69243C6163006F6389 /* Products */ = {
			isa = PBXGroup;
			children = (
				EE96EC68243C6163006F6389 /* OnTheMap.app */,
			);
			name = Products;
			sourceTree = "<group>";
		};
		EE96EC6A243C6163006F6389 /* OnTheMap */ = {
			isa = PBXGroup;
			children = (
				EE96EC97243CE45A006F6389 /* API client */,
				EE96EC84243C651B006F6389 /* model */,
				EE96EC7F243C645C006F6389 /* controller */,
				EE96EC71243C6163006F6389 /* Main.storyboard */,
				EE96EC74243C6163006F6389 /* Assets.xcassets */,
				EE96EC76243C6163006F6389 /* LaunchScreen.storyboard */,
				EE96EC79243C6163006F6389 /* Info.plist */,
			);
			path = OnTheMap;
			sourceTree = "<group>";
		};
		EE96EC7F243C645C006F6389 /* controller */ = {
			isa = PBXGroup;
			children = (
				EE96EC6B243C6163006F6389 /* AppDelegate.swift */,
				EE96EC6D243C6163006F6389 /* SceneDelegate.swift */,
				EE96EC6F243C6163006F6389 /* LoginViewController.swift */,
				EE96EC82243C64D4006F6389 /* LocationTableViewController.swift */,
				EE96EC87243C68E1006F6389 /* MapViewController.swift */,
				EE96EC8D243C9453006F6389 /* AddLocationViewController.swift */,
				EE96EC8F243C946C006F6389 /* GeoCodingResultViewController.swift */,
				EE96EC9A243D05AC006F6389 /* Utils.swift */,
			);
			path = controller;
			sourceTree = "<group>";
		};
		EE96EC84243C651B006F6389 /* model */ = {
			isa = PBXGroup;
			children = (
				EE96EC85243C652A006F6389 /* StudentLocation.swift */,
				EE96EC89243C7BA1006F6389 /* Api.swift */,
				EE96EC8B243C811D006F6389 /* LocationsResult.swift */,
				EE96EC91243CA807006F6389 /* Student.swift */,
				EE96EC93243CACE3006F6389 /* AuthRequest.swift */,
				EE96EC95243CAFCA006F6389 /* AuthResponse.swift */,
				EEDD2939243DB72E00631EE1 /* StudentLocationResponse.swift */,
			);
			path = model;
			sourceTree = "<group>";
		};
		EE96EC97243CE45A006F6389 /* API client */ = {
			isa = PBXGroup;
			children = (
				EE96EC98243CE483006F6389 /* ApiClient.swift */,
			);
			path = "API client";
			sourceTree = "<group>";
		};
/* End PBXGroup section */

/* Begin PBXNativeTarget section */
		EE96EC67243C6162006F6389 /* OnTheMap */ = {
			isa = PBXNativeTarget;
			buildConfigurationList = EE96EC7C243C6163006F6389 /* Build configuration list for PBXNativeTarget "OnTheMap" */;
			buildPhases = (
				EE96EC64243C6162006F6389 /* Sources */,
				EE96EC65243C6162006F6389 /* Frameworks */,
				EE96EC66243C6162006F6389 /* Resources */,
			);
			buildRules = (
			);
			dependencies = (
			);
			name = OnTheMap;
			productName = OnTheMap;
			productReference = EE96EC68243C6163006F6389 /* OnTheMap.app */;
			productType = "com.apple.product-type.application";
		};
/* End PBXNativeTarget section */

/* Begin PBXProject section */
		EE96EC60243C6162006F6389 /* Project object */ = {
			isa = PBXProject;
			attributes = {
				LastSwiftUpdateCheck = 1130;
				LastUpgradeCheck = 1130;
				ORGANIZATIONNAME = "Artem Osipov";
				TargetAttributes = {
					EE96EC67243C6162006F6389 = {
						CreatedOnToolsVersion = 11.3.1;
					};
				};
			};
			buildConfigurationList = EE96EC63243C6162006F6389 /* Build configuration list for PBXProject "OnTheMap" */;
			compatibilityVersion = "Xcode 9.3";
			developmentRegion = en;
			hasScannedForEncodings = 0;
			knownRegions = (
				en,
				Base,
			);
			mainGroup = EE96EC5F243C6162006F6389;
			productRefGroup = EE96EC69243C6163006F6389 /* Products */;
			projectDirPath = "";
			projectRoot = "";
			targets = (
				EE96EC67243C6162006F6389 /* OnTheMap */,
			);
		};
/* End PBXProject section */

/* Begin PBXResourcesBuildPhase section */
		EE96EC66243C6162006F6389 /* Resources */ = {
			isa = PBXResourcesBuildPhase;
			buildActionMask = 2147483647;
			files = (
				EE96EC78243C6163006F6389 /* LaunchScreen.storyboard in Resources */,
				EE96EC75243C6163006F6389 /* Assets.xcassets in Resources */,
				EE96EC73243C6163006F6389 /* Main.storyboard in Resources */,
			);
			runOnlyForDeploymentPostprocessing = 0;
		};
/* End PBXResourcesBuildPhase section */

/* Begin PBXSourcesBuildPhase section */
		EE96EC64243C6162006F6389 /* Sources */ = {
			isa = PBXSourcesBuildPhase;
			buildActionMask = 2147483647;
			files = (
				EE96EC96243CAFCA006F6389 /* AuthResponse.swift in Sources */,
				EE96EC83243C64D4006F6389 /* LocationTableViewController.swift in Sources */,
				EE96EC88243C68E1006F6389 /* MapViewController.swift in Sources */,
				EE96EC70243C6163006F6389 /* LoginViewController.swift in Sources */,
				EE96EC94243CACE3006F6389 /* AuthRequest.swift in Sources */,
				EE96EC9B243D05AC006F6389 /* Utils.swift in Sources */,
				EE96EC92243CA807006F6389 /* Student.swift in Sources */,
				EEDD293A243DB72E00631EE1 /* StudentLocationResponse.swift in Sources */,
				EE96EC90243C946C006F6389 /* GeoCodingResultViewController.swift in Sources */,
				EE96EC99243CE483006F6389 /* ApiClient.swift in Sources */,
				EE96EC8C243C811D006F6389 /* LocationsResult.swift in Sources */,
				EE96EC8E243C9453006F6389 /* AddLocationViewController.swift in Sources */,
				EE96EC6C243C6163006F6389 /* AppDelegate.swift in Sources */,
				EE96EC86243C652A006F6389 /* StudentLocation.swift in Sources */,
				EE96EC8A243C7BA1006F6389 /* Api.swift in Sources */,
				EE96EC6E243C6163006F6389 /* SceneDelegate.swift in Sources */,
			);
			runOnlyForDeploymentPostprocessing = 0;
		};
/* End PBXSourcesBuildPhase section */

/* Begin PBXVariantGroup section */
		EE96EC71243C6163006F6389 /* Main.storyboard */ = {
			isa = PBXVariantGroup;
			children = (
				EE96EC72243C6163006F6389 /* Base */,
			);
			name = Main.storyboard;
			sourceTree = "<group>";
		};
		EE96EC76243C6163006F6389 /* LaunchScreen.storyboard */ = {
			isa = PBXVariantGroup;
			children = (
				EE96EC77243C6163006F6389 /* Base */,
			);
			name = LaunchScreen.storyboard;
			sourceTree = "<group>";
		};
/* End PBXVariantGroup section */

/* Begin XCBuildConfiguration section */
		EE96EC7A243C6163006F6389 /* Debug */ = {
			isa = XCBuildConfiguration;
			buildSettings = {
				ALWAYS_SEARCH_USER_PATHS = NO;
				CLANG_ANALYZER_NONNULL = YES;
				CLANG_ANALYZER_NUMBER_OBJECT_CONVERSION = YES_AGGRESSIVE;
				CLANG_CXX_LANGUAGE_STANDARD = "gnu++14";
				CLANG_CXX_LIBRARY = "libc++";
				CLANG_ENABLE_MODULES = YES;
				CLANG_ENABLE_OBJC_ARC = YES;
				CLANG_ENABLE_OBJC_WEAK = YES;
				CLANG_WARN_BLOCK_CAPTURE_AUTORELEASING = YES;
				CLANG_WARN_BOOL_CONVERSION = YES;
				CLANG_WARN_COMMA = YES;
				CLANG_WARN_CONSTANT_CONVERSION = YES;
				CLANG_WARN_DEPRECATED_OBJC_IMPLEMENTATIONS = YES;
				CLANG_WARN_DIRECT_OBJC_ISA_USAGE = YES_ERROR;
				CLANG_WARN_DOCUMENTATION_COMMENTS = YES;
				CLANG_WARN_EMPTY_BODY = YES;
				CLANG_WARN_ENUM_CONVERSION = YES;
				CLANG_WARN_INFINITE_RECURSION = YES;
				CLANG_WARN_INT_CONVERSION = YES;
				CLANG_WARN_NON_LITERAL_NULL_CONVERSION = YES;
				CLANG_WARN_OBJC_IMPLICIT_RETAIN_SELF = YES;
				CLANG_WARN_OBJC_LITERAL_CONVERSION = YES;
				CLANG_WARN_OBJC_ROOT_CLASS = YES_ERROR;
				CLANG_WARN_RANGE_LOOP_ANALYSIS = YES;
				CLANG_WARN_STRICT_PROTOTYPES = YES;
				CLANG_WARN_SUSPICIOUS_MOVE = YES;
				CLANG_WARN_UNGUARDED_AVAILABILITY = YES_AGGRESSIVE;
				CLANG_WARN_UNREACHABLE_CODE = YES;
				CLANG_WARN__DUPLICATE_METHOD_MATCH = YES;
				COPY_PHASE_STRIP = NO;
				DEBUG_INFORMATION_FORMAT = dwarf;
				ENABLE_STRICT_OBJC_MSGSEND = YES;
				ENABLE_TESTABILITY = YES;
				GCC_C_LANGUAGE_STANDARD = gnu11;
				GCC_DYNAMIC_NO_PIC = NO;
				GCC_NO_COMMON_BLOCKS = YES;
				GCC_OPTIMIZATION_LEVEL = 0;
				GCC_PREPROCESSOR_DEFINITIONS = (
					"DEBUG=1",
					"$(inherited)",
				);
				GCC_WARN_64_TO_32_BIT_CONVERSION = YES;
				GCC_WARN_ABOUT_RETURN_TYPE = YES_ERROR;
				GCC_WARN_UNDECLARED_SELECTOR = YES;
				GCC_WARN_UNINITIALIZED_AUTOS = YES_AGGRESSIVE;
				GCC_WARN_UNUSED_FUNCTION = YES;
				GCC_WARN_UNUSED_VARIABLE = YES;
				IPHONEOS_DEPLOYMENT_TARGET = 13.2;
				MTL_ENABLE_DEBUG_INFO = INCLUDE_SOURCE;
				MTL_FAST_MATH = YES;
				ONLY_ACTIVE_ARCH = YES;
				SDKROOT = iphoneos;
				SWIFT_ACTIVE_COMPILATION_CONDITIONS = DEBUG;
				SWIFT_OPTIMIZATION_LEVEL = "-Onone";
			};
			name = Debug;
		};
		EE96EC7B243C6163006F6389 /* Release */ = {
			isa = XCBuildConfiguration;
			buildSettings = {
				ALWAYS_SEARCH_USER_PATHS = NO;
				CLANG_ANALYZER_NONNULL = YES;
				CLANG_ANALYZER_NUMBER_OBJECT_CONVERSION = YES_AGGRESSIVE;
				CLANG_CXX_LANGUAGE_STANDARD = "gnu++14";
				CLANG_CXX_LIBRARY = "libc++";
				CLANG_ENABLE_MODULES = YES;
				CLANG_ENABLE_OBJC_ARC = YES;
				CLANG_ENABLE_OBJC_WEAK = YES;
				CLANG_WARN_BLOCK_CAPTURE_AUTORELEASING = YES;
				CLANG_WARN_BOOL_CONVERSION = YES;
				CLANG_WARN_COMMA = YES;
				CLANG_WARN_CONSTANT_CONVERSION = YES;
				CLANG_WARN_DEPRECATED_OBJC_IMPLEMENTATIONS = YES;
				CLANG_WARN_DIRECT_OBJC_ISA_USAGE = YES_ERROR;
				CLANG_WARN_DOCUMENTATION_COMMENTS = YES;
				CLANG_WARN_EMPTY_BODY = YES;
				CLANG_WARN_ENUM_CONVERSION = YES;
				CLANG_WARN_INFINITE_RECURSION = YES;
				CLANG_WARN_INT_CONVERSION = YES;
				CLANG_WARN_NON_LITERAL_NULL_CONVERSION = YES;
				CLANG_WARN_OBJC_IMPLICIT_RETAIN_SELF = YES;
				CLANG_WARN_OBJC_LITERAL_CONVERSION = YES;
				CLANG_WARN_OBJC_ROOT_CLASS = YES_ERROR;
				CLANG_WARN_RANGE_LOOP_ANALYSIS = YES;
				CLANG_WARN_STRICT_PROTOTYPES = YES;
				CLANG_WARN_SUSPICIOUS_MOVE = YES;
				CLANG_WARN_UNGUARDED_AVAILABILITY = YES_AGGRESSIVE;
				CLANG_WARN_UNREACHABLE_CODE = YES;
				CLANG_WARN__DUPLICATE_METHOD_MATCH = YES;
				COPY_PHASE_STRIP = NO;
				DEBUG_INFORMATION_FORMAT = "dwarf-with-dsym";
				ENABLE_NS_ASSERTIONS = NO;
				ENABLE_STRICT_OBJC_MSGSEND = YES;
				GCC_C_LANGUAGE_STANDARD = gnu11;
				GCC_NO_COMMON_BLOCKS = YES;
				GCC_WARN_64_TO_32_BIT_CONVERSION = YES;
				GCC_WARN_ABOUT_RETURN_TYPE = YES_ERROR;
				GCC_WARN_UNDECLARED_SELECTOR = YES;
				GCC_WARN_UNINITIALIZED_AUTOS = YES_AGGRESSIVE;
				GCC_WARN_UNUSED_FUNCTION = YES;
				GCC_WARN_UNUSED_VARIABLE = YES;
				IPHONEOS_DEPLOYMENT_TARGET = 13.2;
				MTL_ENABLE_DEBUG_INFO = NO;
				MTL_FAST_MATH = YES;
				SDKROOT = iphoneos;
				SWIFT_COMPILATION_MODE = wholemodule;
				SWIFT_OPTIMIZATION_LEVEL = "-O";
				VALIDATE_PRODUCT = YES;
			};
			name = Release;
		};
		EE96EC7D243C6163006F6389 /* Debug */ = {
			isa = XCBuildConfiguration;
			buildSettings = {
				ASSETCATALOG_COMPILER_APPICON_NAME = AppIcon;
				CODE_SIGN_STYLE = Automatic;
				DEVELOPMENT_TEAM = 7GMR8U5Z57;
				INFOPLIST_FILE = OnTheMap/Info.plist;
				LD_RUNPATH_SEARCH_PATHS = (
					"$(inherited)",
					"@executable_path/Frameworks",
				);
				PRODUCT_BUNDLE_IDENTIFIER = ru.sverstal.OnTheMap;
				PRODUCT_NAME = "$(TARGET_NAME)";
				SWIFT_VERSION = 5.0;
				TARGETED_DEVICE_FAMILY = 1;
			};
			name = Debug;
		};
		EE96EC7E243C6163006F6389 /* Release */ = {
			isa = XCBuildConfiguration;
			buildSettings = {
				ASSETCATALOG_COMPILER_APPICON_NAME = AppIcon;
				CODE_SIGN_STYLE = Automatic;
				DEVELOPMENT_TEAM = 7GMR8U5Z57;
				INFOPLIST_FILE = OnTheMap/Info.plist;
				LD_RUNPATH_SEARCH_PATHS = (
					"$(inherited)",
					"@executable_path/Frameworks",
				);
				PRODUCT_BUNDLE_IDENTIFIER = ru.sverstal.OnTheMap;
				PRODUCT_NAME = "$(TARGET_NAME)";
				SWIFT_VERSION = 5.0;
				TARGETED_DEVICE_FAMILY = 1;
			};
			name = Release;
		};
/* End XCBuildConfiguration section */

/* Begin XCConfigurationList section */
		EE96EC63243C6162006F6389 /* Build configuration list for PBXProject "OnTheMap" */ = {
			isa = XCConfigurationList;
			buildConfigurations = (
				EE96EC7A243C6163006F6389 /* Debug */,
				EE96EC7B243C6163006F6389 /* Release */,
			);
			defaultConfigurationIsVisible = 0;
			defaultConfigurationName = Release;
		};
		EE96EC7C243C6163006F6389 /* Build configuration list for PBXNativeTarget "OnTheMap" */ = {
			isa = XCConfigurationList;
			buildConfigurations = (
				EE96EC7D243C6163006F6389 /* Debug */,
				EE96EC7E243C6163006F6389 /* Release */,
			);
			defaultConfigurationIsVisible = 0;
			defaultConfigurationName = Release;
		};
/* End XCConfigurationList section */
	};
	rootObject = EE96EC60243C6162006F6389 /* Project object */;
}
